
Microsoft Visual Studio Solution File, Format Version 12.00
# Visual Studio Version 16
VisualStudioVersion = 16.0.32106.194
MinimumVisualStudioVersion = 10.0.40219.1
Project("{8BC9CEB8-8B4A-11D0-8D11-00A0C91BC942}") = "ChessGame", "ChessGame.vcxproj", "{38EF15E4-B1F6-4432-997B-8E67CB0B5081}"
EndProject
Global
	GlobalSection(SolutionConfigurationPlatforms) = preSolution
		Debug|x64 = Debug|x64
		Release|x64 = Release|x64
	EndGlobalSection
	GlobalSection(ProjectConfigurationPlatforms) = postSolution
		{38EF15E4-B1F6-4432-997B-8E67CB0B5081}.Debug|x64.ActiveCfg = Debug|x64
		{38EF15E4-B1F6-4432-997B-8E67CB0B5081}.Debug|x64.Build.0 = Debug|x64
		{38EF15E4-B1F6-4432-997B-8E67CB0B5081}.Release|x64.ActiveCfg = Release|x64
		{38EF15E4-B1F6-4432-997B-8E67CB0B5081}.Release|x64.Build.0 = Release|x64
	EndGlobalSection
	GlobalSection(SolutionProperties) = preSolution
		HideSolutionNode = FALSE
	EndGlobalSection
	GlobalSection(ExtensibilityGlobals) = postSolution
		SolutionGuid = {9F0540E1-79BC-46FC-9882-5870FB8D617D}
	EndGlobalSection
EndGlobal
